
Microsoft Visual Studio Solution File, Format Version 12.00
# Visual Studio Version 17
VisualStudioVersion = 17.2.32630.192
MinimumVisualStudioVersion = 10.0.40219.1
Project("{FAE04EC0-301F-11D3-BF4B-00C04F79EFBC}") = "EsmelaOtel", "EsmelaOtel\EsmelaOtel.csproj", "{D2AC5EBA-E2C0-4FC5-89D8-5E90A952FA76}"
EndProject
Global
	GlobalSection(SolutionConfigurationPlatforms) = preSolution
		Debug|Any CPU = Debug|Any CPU
		Release|Any CPU = Release|Any CPU
	EndGlobalSection
	GlobalSection(ProjectConfigurationPlatforms) = postSolution
		{D2AC5EBA-E2C0-4FC5-89D8-5E90A952FA76}.Debug|Any CPU.ActiveCfg = Debug|Any CPU
		{D2AC5EBA-E2C0-4FC5-89D8-5E90A952FA76}.Debug|Any CPU.Build.0 = Debug|Any CPU
		{D2AC5EBA-E2C0-4FC5-89D8-5E90A952FA76}.Release|Any CPU.ActiveCfg = Release|Any CPU
		{D2AC5EBA-E2C0-4FC5-89D8-5E90A952FA76}.Release|Any CPU.Build.0 = Release|Any CPU
	EndGlobalSection
	GlobalSection(SolutionProperties) = preSolution
		HideSolutionNode = FALSE
	EndGlobalSection
	GlobalSection(ExtensibilityGlobals) = postSolution
		SolutionGuid = {5A50C32B-0E5E-4703-A378-8341F995950D}
	EndGlobalSection
EndGlobal
